
Microsoft Visual Studio Solution File, Format Version 12.00
# Visual Studio Version 16
VisualStudioVersion = 16.0.30114.105
MinimumVisualStudioVersion = 10.0.40219.1
Project("{9A19103F-16F7-4668-BE54-9A1E7A4F7556}") = "KovaiDotCo.EventHub.UI", "KovaiDotCo.EventHub.UI\KovaiDotCo.EventHub.UI.csproj", "{2953065A-CB5F-4CCD-9AD9-F539C018AED4}"
EndProject
Project("{9A19103F-16F7-4668-BE54-9A1E7A4F7556}") = "KovaiDotCo.EventHub", "KovaiDotCo.EventHub.Receiver\KovaiDotCo.EventHub.csproj", "{B2714E33-47B2-4335-B22D-F1672CD85F6F}"
EndProject
Project("{9A19103F-16F7-4668-BE54-9A1E7A4F7556}") = "KovaiDotCo.Model", "KovaiDotCo.Model\KovaiDotCo.Model.csproj", "{9F53E97E-045D-4D1E-AFE6-F6C3697EE447}"
EndProject
Global
	GlobalSection(SolutionConfigurationPlatforms) = preSolution
		Debug|Any CPU = Debug|Any CPU
		Release|Any CPU = Release|Any CPU
	EndGlobalSection
	GlobalSection(ProjectConfigurationPlatforms) = postSolution
		{2953065A-CB5F-4CCD-9AD9-F539C018AED4}.Debug|Any CPU.ActiveCfg = Debug|Any CPU
		{2953065A-CB5F-4CCD-9AD9-F539C018AED4}.Debug|Any CPU.Build.0 = Debug|Any CPU
		{2953065A-CB5F-4CCD-9AD9-F539C018AED4}.Release|Any CPU.ActiveCfg = Release|Any CPU
		{2953065A-CB5F-4CCD-9AD9-F539C018AED4}.Release|Any CPU.Build.0 = Release|Any CPU
		{B2714E33-47B2-4335-B22D-F1672CD85F6F}.Debug|Any CPU.ActiveCfg = Debug|Any CPU
		{B2714E33-47B2-4335-B22D-F1672CD85F6F}.Debug|Any CPU.Build.0 = Debug|Any CPU
		{B2714E33-47B2-4335-B22D-F1672CD85F6F}.Release|Any CPU.ActiveCfg = Release|Any CPU
		{B2714E33-47B2-4335-B22D-F1672CD85F6F}.Release|Any CPU.Build.0 = Release|Any CPU
		{9F53E97E-045D-4D1E-AFE6-F6C3697EE447}.Debug|Any CPU.ActiveCfg = Debug|Any CPU
		{9F53E97E-045D-4D1E-AFE6-F6C3697EE447}.Debug|Any CPU.Build.0 = Debug|Any CPU
		{9F53E97E-045D-4D1E-AFE6-F6C3697EE447}.Release|Any CPU.ActiveCfg = Release|Any CPU
		{9F53E97E-045D-4D1E-AFE6-F6C3697EE447}.Release|Any CPU.Build.0 = Release|Any CPU
	EndGlobalSection
	GlobalSection(SolutionProperties) = preSolution
		HideSolutionNode = FALSE
	EndGlobalSection
	GlobalSection(ExtensibilityGlobals) = postSolution
		SolutionGuid = {2E926A31-C0C8-464F-90B4-72E2189E71D2}
	EndGlobalSection
EndGlobal
